
Microsoft Visual Studio Solution File, Format Version 12.00
# Visual Studio Express 2012 for Web
Project("{FAE04EC0-301F-11D3-BF4B-00C04F79EFBC}") = "EZ_Regulatory2", "EZ_Regulatory2\EZ_Regulatory2.csproj", "{95D61897-7DC7-4C6D-BB15-7A4B45E0DCA9}"
EndProject
Global
	GlobalSection(SolutionConfigurationPlatforms) = preSolution
		Debug|Any CPU = Debug|Any CPU
		Release|Any CPU = Release|Any CPU
	EndGlobalSection
	GlobalSection(ProjectConfigurationPlatforms) = postSolution
		{95D61897-7DC7-4C6D-BB15-7A4B45E0DCA9}.Debug|Any CPU.ActiveCfg = Debug|Any CPU
		{95D61897-7DC7-4C6D-BB15-7A4B45E0DCA9}.Debug|Any CPU.Build.0 = Debug|Any CPU
		{95D61897-7DC7-4C6D-BB15-7A4B45E0DCA9}.Release|Any CPU.ActiveCfg = Release|Any CPU
		{95D61897-7DC7-4C6D-BB15-7A4B45E0DCA9}.Release|Any CPU.Build.0 = Release|Any CPU
	EndGlobalSection
	GlobalSection(SolutionProperties) = preSolution
		HideSolutionNode = FALSE
	EndGlobalSection
EndGlobal
